
Microsoft Visual Studio Solution File, Format Version 12.00
# Visual Studio 2015
Project("{FAE04EC0-301F-11D3-BF4B-00C04F79EFBC}") = "03-05.CSharp.Plugins", "03-05.CSharp.Plugins.csproj", "{7381CA9A-B4D8-18A4-0830-1A76D44B7318}"
EndProject
Project("{FAE04EC0-301F-11D3-BF4B-00C04F79EFBC}") = "03-05.CSharp", "03-05.CSharp.csproj", "{E0BB7BE7-EFC6-8673-A29F-ADC039B3E042}"
EndProject
Project("{FAE04EC0-301F-11D3-BF4B-00C04F79EFBC}") = "03-05.CSharp.Editor.Plugins", "03-05.CSharp.Editor.Plugins.csproj", "{A522A406-C355-F956-D889-AFD7ED80D7B5}"
EndProject
Project("{FAE04EC0-301F-11D3-BF4B-00C04F79EFBC}") = "03-05.CSharp.Editor", "03-05.CSharp.Editor.csproj", "{15460495-886E-CB44-5D94-D55D64009E84}"
EndProject
Global
	GlobalSection(SolutionConfigurationPlatforms) = preSolution
		Debug|Any CPU = Debug|Any CPU
		Release|Any CPU = Release|Any CPU
	EndGlobalSection
	GlobalSection(ProjectConfigurationPlatforms) = postSolution
		{7381CA9A-B4D8-18A4-0830-1A76D44B7318}.Debug|Any CPU.ActiveCfg = Debug|Any CPU
		{7381CA9A-B4D8-18A4-0830-1A76D44B7318}.Debug|Any CPU.Build.0 = Debug|Any CPU
		{7381CA9A-B4D8-18A4-0830-1A76D44B7318}.Release|Any CPU.ActiveCfg = Release|Any CPU
		{7381CA9A-B4D8-18A4-0830-1A76D44B7318}.Release|Any CPU.Build.0 = Release|Any CPU
		{E0BB7BE7-EFC6-8673-A29F-ADC039B3E042}.Debug|Any CPU.ActiveCfg = Debug|Any CPU
		{E0BB7BE7-EFC6-8673-A29F-ADC039B3E042}.Debug|Any CPU.Build.0 = Debug|Any CPU
		{E0BB7BE7-EFC6-8673-A29F-ADC039B3E042}.Release|Any CPU.ActiveCfg = Release|Any CPU
		{E0BB7BE7-EFC6-8673-A29F-ADC039B3E042}.Release|Any CPU.Build.0 = Release|Any CPU
		{A522A406-C355-F956-D889-AFD7ED80D7B5}.Debug|Any CPU.ActiveCfg = Debug|Any CPU
		{A522A406-C355-F956-D889-AFD7ED80D7B5}.Debug|Any CPU.Build.0 = Debug|Any CPU
		{A522A406-C355-F956-D889-AFD7ED80D7B5}.Release|Any CPU.ActiveCfg = Release|Any CPU
		{A522A406-C355-F956-D889-AFD7ED80D7B5}.Release|Any CPU.Build.0 = Release|Any CPU
		{15460495-886E-CB44-5D94-D55D64009E84}.Debug|Any CPU.ActiveCfg = Debug|Any CPU
		{15460495-886E-CB44-5D94-D55D64009E84}.Debug|Any CPU.Build.0 = Debug|Any CPU
		{15460495-886E-CB44-5D94-D55D64009E84}.Release|Any CPU.ActiveCfg = Release|Any CPU
		{15460495-886E-CB44-5D94-D55D64009E84}.Release|Any CPU.Build.0 = Release|Any CPU
	EndGlobalSection
	GlobalSection(SolutionProperties) = preSolution
		HideSolutionNode = FALSE
	EndGlobalSection
EndGlobal
