
Microsoft Visual Studio Solution File, Format Version 12.00
# Visual Studio 2015
Project("{FAE04EC0-301F-11D3-BF4B-00C04F79EFBC}") = "19 April 2017_replay_added_28 April.CSharp.Plugins", "19 April 2017_replay_added_28 April.CSharp.Plugins.csproj", "{EC9BF732-DB79-42C4-7EBC-E27A7376E6D0}"
EndProject
Project("{FAE04EC0-301F-11D3-BF4B-00C04F79EFBC}") = "19 April 2017_replay_added_28 April.CSharp", "19 April 2017_replay_added_28 April.CSharp.csproj", "{DBB293F5-C2E5-F6E0-65A6-393623309A67}"
EndProject
Project("{FAE04EC0-301F-11D3-BF4B-00C04F79EFBC}") = "19 April 2017_replay_added_28 April.CSharp.Editor.Plugins", "19 April 2017_replay_added_28 April.CSharp.Editor.Plugins.csproj", "{44A2F20E-28CB-DB6A-3DB6-D62A403A72D4}"
EndProject
Project("{FAE04EC0-301F-11D3-BF4B-00C04F79EFBC}") = "19 April 2017_replay_added_28 April.CSharp.Editor", "19 April 2017_replay_added_28 April.CSharp.Editor.csproj", "{8D211CE3-6079-D354-BA86-60D074C55C53}"
EndProject
Global
	GlobalSection(SolutionConfigurationPlatforms) = preSolution
		Debug|Any CPU = Debug|Any CPU
		Release|Any CPU = Release|Any CPU
	EndGlobalSection
	GlobalSection(ProjectConfigurationPlatforms) = postSolution
		{EC9BF732-DB79-42C4-7EBC-E27A7376E6D0}.Debug|Any CPU.ActiveCfg = Debug|Any CPU
		{EC9BF732-DB79-42C4-7EBC-E27A7376E6D0}.Debug|Any CPU.Build.0 = Debug|Any CPU
		{EC9BF732-DB79-42C4-7EBC-E27A7376E6D0}.Release|Any CPU.ActiveCfg = Release|Any CPU
		{EC9BF732-DB79-42C4-7EBC-E27A7376E6D0}.Release|Any CPU.Build.0 = Release|Any CPU
		{DBB293F5-C2E5-F6E0-65A6-393623309A67}.Debug|Any CPU.ActiveCfg = Debug|Any CPU
		{DBB293F5-C2E5-F6E0-65A6-393623309A67}.Debug|Any CPU.Build.0 = Debug|Any CPU
		{DBB293F5-C2E5-F6E0-65A6-393623309A67}.Release|Any CPU.ActiveCfg = Release|Any CPU
		{DBB293F5-C2E5-F6E0-65A6-393623309A67}.Release|Any CPU.Build.0 = Release|Any CPU
		{44A2F20E-28CB-DB6A-3DB6-D62A403A72D4}.Debug|Any CPU.ActiveCfg = Debug|Any CPU
		{44A2F20E-28CB-DB6A-3DB6-D62A403A72D4}.Debug|Any CPU.Build.0 = Debug|Any CPU
		{44A2F20E-28CB-DB6A-3DB6-D62A403A72D4}.Release|Any CPU.ActiveCfg = Release|Any CPU
		{44A2F20E-28CB-DB6A-3DB6-D62A403A72D4}.Release|Any CPU.Build.0 = Release|Any CPU
		{8D211CE3-6079-D354-BA86-60D074C55C53}.Debug|Any CPU.ActiveCfg = Debug|Any CPU
		{8D211CE3-6079-D354-BA86-60D074C55C53}.Debug|Any CPU.Build.0 = Debug|Any CPU
		{8D211CE3-6079-D354-BA86-60D074C55C53}.Release|Any CPU.ActiveCfg = Release|Any CPU
		{8D211CE3-6079-D354-BA86-60D074C55C53}.Release|Any CPU.Build.0 = Release|Any CPU
	EndGlobalSection
	GlobalSection(SolutionProperties) = preSolution
		HideSolutionNode = FALSE
	EndGlobalSection
EndGlobal
